
Microsoft Visual Studio Solution File, Format Version 12.00
# Visual Studio 15
VisualStudioVersion = 15.0.28307.1209
MinimumVisualStudioVersion = 10.0.40219.1
Project("{FAE04EC0-301F-11D3-BF4B-00C04F79EFBC}") = "Project_Parts", "Project_Parts\Project_Parts.csproj", "{5F6045D8-A47C-4FAD-806D-7BE4B78E32C5}"
EndProject
Global
	GlobalSection(SolutionConfigurationPlatforms) = preSolution
		Debug|Any CPU = Debug|Any CPU
		Release|Any CPU = Release|Any CPU
	EndGlobalSection
	GlobalSection(ProjectConfigurationPlatforms) = postSolution
		{5F6045D8-A47C-4FAD-806D-7BE4B78E32C5}.Debug|Any CPU.ActiveCfg = Debug|Any CPU
		{5F6045D8-A47C-4FAD-806D-7BE4B78E32C5}.Debug|Any CPU.Build.0 = Debug|Any CPU
		{5F6045D8-A47C-4FAD-806D-7BE4B78E32C5}.Release|Any CPU.ActiveCfg = Release|Any CPU
		{5F6045D8-A47C-4FAD-806D-7BE4B78E32C5}.Release|Any CPU.Build.0 = Release|Any CPU
	EndGlobalSection
	GlobalSection(SolutionProperties) = preSolution
		HideSolutionNode = FALSE
	EndGlobalSection
	GlobalSection(ExtensibilityGlobals) = postSolution
		SolutionGuid = {E62F09C8-AAAE-45B2-A978-2B2D8F0711EF}
	EndGlobalSection
EndGlobal
